
Microsoft Visual Studio Solution File, Format Version 12.00
# Visual Studio Version 17
VisualStudioVersion = 17.5.33530.505
MinimumVisualStudioVersion = 10.0.40219.1
Project("{9A19103F-16F7-4668-BE54-9A1E7A4F7556}") = "BurstsOfRain", "BurstsOfRain\BurstsOfRain.csproj", "{C049985F-4B9B-4D36-85D9-88280FB31D27}"
EndProject
Global
	GlobalSection(SolutionConfigurationPlatforms) = preSolution
		Debug|Any CPU = Debug|Any CPU
		NoWeaver|Any CPU = NoWeaver|Any CPU
		Release|Any CPU = Release|Any CPU
	EndGlobalSection
	GlobalSection(ProjectConfigurationPlatforms) = postSolution
		{C049985F-4B9B-4D36-85D9-88280FB31D27}.Debug|Any CPU.ActiveCfg = Debug|Any CPU
		{C049985F-4B9B-4D36-85D9-88280FB31D27}.Debug|Any CPU.Build.0 = Debug|Any CPU
		{C049985F-4B9B-4D36-85D9-88280FB31D27}.NoWeaver|Any CPU.ActiveCfg = NoWeaver|Any CPU
		{C049985F-4B9B-4D36-85D9-88280FB31D27}.NoWeaver|Any CPU.Build.0 = NoWeaver|Any CPU
		{C049985F-4B9B-4D36-85D9-88280FB31D27}.Release|Any CPU.ActiveCfg = Release|Any CPU
		{C049985F-4B9B-4D36-85D9-88280FB31D27}.Release|Any CPU.Build.0 = Release|Any CPU
	EndGlobalSection
	GlobalSection(SolutionProperties) = preSolution
		HideSolutionNode = FALSE
	EndGlobalSection
	GlobalSection(ExtensibilityGlobals) = postSolution
		SolutionGuid = {25394121-1456-4FD9-A853-060A4DBBB74C}
	EndGlobalSection
EndGlobal
